// !$*UTF8*$!
{
	archiveVersion = 1;
	classes = {
	};
	objectVersion = 46;
	objects = {

/* Begin PBXBuildFile section */
		11C818FB1D478DE900639222 /* AppDelegate.swift in Sources */ = {isa = PBXBuildFile; fileRef = 11C818FA1D478DE900639222 /* AppDelegate.swift */; };
		11C818FD1D478DE900639222 /* ViewController.swift in Sources */ = {isa = PBXBuildFile; fileRef = 11C818FC1D478DE900639222 /* ViewController.swift */; };
		11C819001D478DEA00639222 /* Main.storyboard in Resources */ = {isa = PBXBuildFile; fileRef = 11C818FE1D478DEA00639222 /* Main.storyboard */; };
		11C819021D478DEA00639222 /* Assets.xcassets in Resources */ = {isa = PBXBuildFile; fileRef = 11C819011D478DEA00639222 /* Assets.xcassets */; };
		11C819051D478DEA00639222 /* LaunchScreen.storyboard in Resources */ = {isa = PBXBuildFile; fileRef = 11C819031D478DEA00639222 /* LaunchScreen.storyboard */; };
		11C819101D478DEA00639222 /* AudioPracticeTests.swift in Sources */ = {isa = PBXBuildFile; fileRef = 11C8190F1D478DEA00639222 /* AudioPracticeTests.swift */; };
		11C8191B1D478DEA00639222 /* AudioPracticeUITests.swift in Sources */ = {isa = PBXBuildFile; fileRef = 11C8191A1D478DEA00639222 /* AudioPracticeUITests.swift */; };
/* End PBXBuildFile section */

/* Begin PBXContainerItemProxy section */
		11C8190C1D478DEA00639222 /* PBXContainerItemProxy */ = {
			isa = PBXContainerItemProxy;
			containerPortal = 11C818EF1D478DE900639222 /* Project object */;
			proxyType = 1;
			remoteGlobalIDString = 11C818F61D478DE900639222;
			remoteInfo = AudioPractice;
		};
		11C819171D478DEA00639222 /* PBXContainerItemProxy */ = {
			isa = PBXContainerItemProxy;
			containerPortal = 11C818EF1D478DE900639222 /* Project object */;
			proxyType = 1;
			remoteGlobalIDString = 11C818F61D478DE900639222;
			remoteInfo = AudioPractice;
		};
/* End PBXContainerItemProxy section */

/* Begin PBXFileReference section */
		11C818F71D478DE900639222 /* AudioPractice.app */ = {isa = PBXFileReference; explicitFileType = wrapper.application; includeInIndex = 0; path = AudioPractice.app; sourceTree = BUILT_PRODUCTS_DIR; };
		11C818FA1D478DE900639222 /* AppDelegate.swift */ = {isa = PBXFileReference; lastKnownFileType = sourcecode.swift; path = AppDelegate.swift; sourceTree = "<group>"; };
		11C818FC1D478DE900639222 /* ViewController.swift */ = {isa = PBXFileReference; lastKnownFileType = sourcecode.swift; path = ViewController.swift; sourceTree = "<group>"; };
		11C818FF1D478DEA00639222 /* Base */ = {isa = PBXFileReference; lastKnownFileType = file.storyboard; name = Base; path = Base.lproj/Main.storyboard; sourceTree = "<group>"; };
		11C819011D478DEA00639222 /* Assets.xcassets */ = {isa = PBXFileReference; lastKnownFileType = folder.assetcatalog; path = Assets.xcassets; sourceTree = "<group>"; };
		11C819041D478DEA00639222 /* Base */ = {isa = PBXFileReference; lastKnownFileType = file.storyboard; name = Base; path = Base.lproj/LaunchScreen.storyboard; sourceTree = "<group>"; };
		11C819061D478DEA00639222 /* Info.plist */ = {isa = PBXFileReference; lastKnownFileType = text.plist.xml; path = Info.plist; sourceTree = "<group>"; };
		11C8190B1D478DEA00639222 /* AudioPracticeTests.xctest */ = {isa = PBXFileReference; explicitFileType = wrapper.cfbundle; includeInIndex = 0; path = AudioPracticeTests.xctest; sourceTree = BUILT_PRODUCTS_DIR; };
		11C8190F1D478DEA00639222 /* AudioPracticeTests.swift */ = {isa = PBXFileReference; lastKnownFileType = sourcecode.swift; path = AudioPracticeTests.swift; sourceTree = "<group>"; };
		11C819111D478DEA00639222 /* Info.plist */ = {isa = PBXFileReference; lastKnownFileType = text.plist.xml; path = Info.plist; sourceTree = "<group>"; };
		11C819161D478DEA00639222 /* AudioPracticeUITests.xctest */ = {isa = PBXFileReference; explicitFileType = wrapper.cfbundle; includeInIndex = 0; path = AudioPracticeUITests.xctest; sourceTree = BUILT_PRODUCTS_DIR; };
		11C8191A1D478DEA00639222 /* AudioPracticeUITests.swift */ = {isa = PBXFileReference; lastKnownFileType = sourcecode.swift; path = AudioPracticeUITests.swift; sourceTree = "<group>"; };
		11C8191C1D478DEA00639222 /* Info.plist */ = {isa = PBXFileReference; lastKnownFileType = text.plist.xml; path = Info.plist; sourceTree = "<group>"; };
/* End PBXFileReference section */

/* Begin PBXFrameworksBuildPhase section */
		11C818F41D478DE900639222 /* Frameworks */ = {
			isa = PBXFrameworksBuildPhase;
			buildActionMask = 2147483647;
			files = (
			);
			runOnlyForDeploymentPostprocessing = 0;
		};
		11C819081D478DEA00639222 /* Frameworks */ = {
			isa = PBXFrameworksBuildPhase;
			buildActionMask = 2147483647;
			files = (
			);
			runOnlyForDeploymentPostprocessing = 0;
		};
		11C819131D478DEA00639222 /* Frameworks */ = {
			isa = PBXFrameworksBuildPhase;
			buildActionMask = 2147483647;
			files = (
			);
			runOnlyForDeploymentPostprocessing = 0;
		};
/* End PBXFrameworksBuildPhase section */

/* Begin PBXGroup section */
		11C818EE1D478DE900639222 = {
			isa = PBXGroup;
			children = (
				11C818F91D478DE900639222 /* AudioPractice */,
				11C8190E1D478DEA00639222 /* AudioPracticeTests */,
				11C819191D478DEA00639222 /* AudioPracticeUITests */,
				11C818F81D478DE900639222 /* Products */,
			);
			sourceTree = "<group>";
		};
		11C818F81D478DE900639222 /* Products */ = {
			isa = PBXGroup;
			children = (
				11C818F71D478DE900639222 /* AudioPractice.app */,
				11C8190B1D478DEA00639222 /* AudioPracticeTests.xctest */,
				11C819161D478DEA00639222 /* AudioPracticeUITests.xctest */,
			);
			name = Products;
			sourceTree = "<group>";
		};
		11C818F91D478DE900639222 /* AudioPractice */ = {
			isa = PBXGroup;
			children = (
				11C818FA1D478DE900639222 /* AppDelegate.swift */,
				11C818FC1D478DE900639222 /* ViewController.swift */,
				11C818FE1D478DEA00639222 /* Main.storyboard */,
				11C819011D478DEA00639222 /* Assets.xcassets */,
				11C819031D478DEA00639222 /* LaunchScreen.storyboard */,
				11C819061D478DEA00639222 /* Info.plist */,
			);
			path = AudioPractice;
			sourceTree = "<group>";
		};
		11C8190E1D478DEA00639222 /* AudioPracticeTests */ = {
			isa = PBXGroup;
			children = (
				11C8190F1D478DEA00639222 /* AudioPracticeTests.swift */,
				11C819111D478DEA00639222 /* Info.plist */,
			);
			path = AudioPracticeTests;
			sourceTree = "<group>";
		};
		11C819191D478DEA00639222 /* AudioPracticeUITests */ = {
			isa = PBXGroup;
			children = (
				11C8191A1D478DEA00639222 /* AudioPracticeUITests.swift */,
				11C8191C1D478DEA00639222 /* Info.plist */,
			);
			path = AudioPracticeUITests;
			sourceTree = "<group>";
		};
/* End PBXGroup section */

/* Begin PBXNativeTarget section */
		11C818F61D478DE900639222 /* AudioPractice */ = {
			isa = PBXNativeTarget;
			buildConfigurationList = 11C8191F1D478DEA00639222 /* Build configuration list for PBXNativeTarget "AudioPractice" */;
			buildPhases = (
				11C818F31D478DE900639222 /* Sources */,
				11C818F41D478DE900639222 /* Frameworks */,
				11C818F51D478DE900639222 /* Resources */,
			);
			buildRules = (
			);
			dependencies = (
			);
			name = AudioPractice;
			productName = AudioPractice;
			productReference = 11C818F71D478DE900639222 /* AudioPractice.app */;
			productType = "com.apple.product-type.application";
		};
		11C8190A1D478DEA00639222 /* AudioPracticeTests */ = {
			isa = PBXNativeTarget;
			buildConfigurationList = 11C819221D478DEA00639222 /* Build configuration list for PBXNativeTarget "AudioPracticeTests" */;
			buildPhases = (
				11C819071D478DEA00639222 /* Sources */,
				11C819081D478DEA00639222 /* Frameworks */,
				11C819091D478DEA00639222 /* Resources */,
			);
			buildRules = (
			);
			dependencies = (
				11C8190D1D478DEA00639222 /* PBXTargetDependency */,
			);
			name = AudioPracticeTests;
			productName = AudioPracticeTests;
			productReference = 11C8190B1D478DEA00639222 /* AudioPracticeTests.xctest */;
			productType = "com.apple.product-type.bundle.unit-test";
		};
		11C819151D478DEA00639222 /* AudioPracticeUITests */ = {
			isa = PBXNativeTarget;
			buildConfigurationList = 11C819251D478DEA00639222 /* Build configuration list for PBXNativeTarget "AudioPracticeUITests" */;
			buildPhases = (
				11C819121D478DEA00639222 /* Sources */,
				11C819131D478DEA00639222 /* Frameworks */,
				11C819141D478DEA00639222 /* Resources */,
			);
			buildRules = (
			);
			dependencies = (
				11C819181D478DEA00639222 /* PBXTargetDependency */,
			);
			name = AudioPracticeUITests;
			productName = AudioPracticeUITests;
			productReference = 11C819161D478DEA00639222 /* AudioPracticeUITests.xctest */;
			productType = "com.apple.product-type.bundle.ui-testing";
		};
/* End PBXNativeTarget section */

/* Begin PBXProject section */
		11C818EF1D478DE900639222 /* Project object */ = {
			isa = PBXProject;
			attributes = {
				LastSwiftUpdateCheck = 0730;
				LastUpgradeCheck = 0730;
				ORGANIZATIONNAME = "Laticia Chance";
				TargetAttributes = {
					11C818F61D478DE900639222 = {
						CreatedOnToolsVersion = 7.3.1;
					};
					11C8190A1D478DEA00639222 = {
						CreatedOnToolsVersion = 7.3.1;
						TestTargetID = 11C818F61D478DE900639222;
					};
					11C819151D478DEA00639222 = {
						CreatedOnToolsVersion = 7.3.1;
						TestTargetID = 11C818F61D478DE900639222;
					};
				};
			};
			buildConfigurationList = 11C818F21D478DE900639222 /* Build configuration list for PBXProject "AudioPractice" */;
			compatibilityVersion = "Xcode 3.2";
			developmentRegion = English;
			hasScannedForEncodings = 0;
			knownRegions = (
				en,
				Base,
			);
			mainGroup = 11C818EE1D478DE900639222;
			productRefGroup = 11C818F81D478DE900639222 /* Products */;
			projectDirPath = "";
			projectRoot = "";
			targets = (
				11C818F61D478DE900639222 /* AudioPractice */,
				11C8190A1D478DEA00639222 /* AudioPracticeTests */,
				11C819151D478DEA00639222 /* AudioPracticeUITests */,
			);
		};
/* End PBXProject section */

/* Begin PBXResourcesBuildPhase section */
		11C818F51D478DE900639222 /* Resources */ = {
			isa = PBXResourcesBuildPhase;
			buildActionMask = 2147483647;
			files = (
				11C819051D478DEA00639222 /* LaunchScreen.storyboard in Resources */,
				11C819021D478DEA00639222 /* Assets.xcassets in Resources */,
				11C819001D478DEA00639222 /* Main.storyboard in Resources */,
			);
			runOnlyForDeploymentPostprocessing = 0;
		};
		11C819091D478DEA00639222 /* Resources */ = {
			isa = PBXResourcesBuildPhase;
			buildActionMask = 2147483647;
			files = (
			);
			runOnlyForDeploymentPostprocessing = 0;
		};
		11C819141D478DEA00639222 /* Resources */ = {
			isa = PBXResourcesBuildPhase;
			buildActionMask = 2147483647;
			files = (
			);
			runOnlyForDeploymentPostprocessing = 0;
		};
/* End PBXResourcesBuildPhase section */

/* Begin PBXSourcesBuildPhase section */
		11C818F31D478DE900639222 /* Sources */ = {
			isa = PBXSourcesBuildPhase;
			buildActionMask = 2147483647;
			files = (
				11C818FD1D478DE900639222 /* ViewController.swift in Sources */,
				11C818FB1D478DE900639222 /* AppDelegate.swift in Sources */,
			);
			runOnlyForDeploymentPostprocessing = 0;
		};
		11C819071D478DEA00639222 /* Sources */ = {
			isa = PBXSourcesBuildPhase;
			buildActionMask = 2147483647;
			files = (
				11C819101D478DEA00639222 /* AudioPracticeTests.swift in Sources */,
			);
			runOnlyForDeploymentPostprocessing = 0;
		};
		11C819121D478DEA00639222 /* Sources */ = {
			isa = PBXSourcesBuildPhase;
			buildActionMask = 2147483647;
			files = (
				11C8191B1D478DEA00639222 /* AudioPracticeUITests.swift in Sources */,
			);
			runOnlyForDeploymentPostprocessing = 0;
		};
/* End PBXSourcesBuildPhase section */

/* Begin PBXTargetDependency section */
		11C8190D1D478DEA00639222 /* PBXTargetDependency */ = {
			isa = PBXTargetDependency;
			target = 11C818F61D478DE900639222 /* AudioPractice */;
			targetProxy = 11C8190C1D478DEA00639222 /* PBXContainerItemProxy */;
		};
		11C819181D478DEA00639222 /* PBXTargetDependency */ = {
			isa = PBXTargetDependency;
			target = 11C818F61D478DE900639222 /* AudioPractice */;
			targetProxy = 11C819171D478DEA00639222 /* PBXContainerItemProxy */;
		};
/* End PBXTargetDependency section */

/* Begin PBXVariantGroup section */
		11C818FE1D478DEA00639222 /* Main.storyboard */ = {
			isa = PBXVariantGroup;
			children = (
				11C818FF1D478DEA00639222 /* Base */,
			);
			name = Main.storyboard;
			sourceTree = "<group>";
		};
		11C819031D478DEA00639222 /* LaunchScreen.storyboard */ = {
			isa = PBXVariantGroup;
			children = (
				11C819041D478DEA00639222 /* Base */,
			);
			name = LaunchScreen.storyboard;
			sourceTree = "<group>";
		};
/* End PBXVariantGroup section */

/* Begin XCBuildConfiguration section */
		11C8191D1D478DEA00639222 /* Debug */ = {
			isa = XCBuildConfiguration;
			buildSettings = {
				ALWAYS_SEARCH_USER_PATHS = NO;
				CLANG_ANALYZER_NONNULL = YES;
				CLANG_CXX_LANGUAGE_STANDARD = "gnu++0x";
				CLANG_CXX_LIBRARY = "libc++";
				CLANG_ENABLE_MODULES = YES;
				CLANG_ENABLE_OBJC_ARC = YES;
				CLANG_WARN_BOOL_CONVERSION = YES;
				CLANG_WARN_CONSTANT_CONVERSION = YES;
				CLANG_WARN_DIRECT_OBJC_ISA_USAGE = YES_ERROR;
				CLANG_WARN_EMPTY_BODY = YES;
				CLANG_WARN_ENUM_CONVERSION = YES;
				CLANG_WARN_INT_CONVERSION = YES;
				CLANG_WARN_OBJC_ROOT_CLASS = YES_ERROR;
				CLANG_WARN_UNREACHABLE_CODE = YES;
				CLANG_WARN__DUPLICATE_METHOD_MATCH = YES;
				"CODE_SIGN_IDENTITY[sdk=iphoneos*]" = "iPhone Developer";
				COPY_PHASE_STRIP = NO;
				DEBUG_INFORMATION_FORMAT = dwarf;
				ENABLE_STRICT_OBJC_MSGSEND = YES;
				ENABLE_TESTABILITY = YES;
				GCC_C_LANGUAGE_STANDARD = gnu99;
				GCC_DYNAMIC_NO_PIC = NO;
				GCC_NO_COMMON_BLOCKS = YES;
				GCC_OPTIMIZATION_LEVEL = 0;
				GCC_PREPROCESSOR_DEFINITIONS = (
					"DEBUG=1",
					"$(inherited)",
				);
				GCC_WARN_64_TO_32_BIT_CONVERSION = YES;
				GCC_WARN_ABOUT_RETURN_TYPE = YES_ERROR;
				GCC_WARN_UNDECLARED_SELECTOR = YES;
				GCC_WARN_UNINITIALIZED_AUTOS = YES_AGGRESSIVE;
				GCC_WARN_UNUSED_FUNCTION = YES;
				GCC_WARN_UNUSED_VARIABLE = YES;
				IPHONEOS_DEPLOYMENT_TARGET = 9.3;
				MTL_ENABLE_DEBUG_INFO = YES;
				ONLY_ACTIVE_ARCH = YES;
				SDKROOT = iphoneos;
				SWIFT_OPTIMIZATION_LEVEL = "-Onone";
				TARGETED_DEVICE_FAMILY = "1,2";
			};
			name = Debug;
		};
		11C8191E1D478DEA00639222 /* Release */ = {
			isa = XCBuildConfiguration;
			buildSettings = {
				ALWAYS_SEARCH_USER_PATHS = NO;
				CLANG_ANALYZER_NONNULL = YES;
				CLANG_CXX_LANGUAGE_STANDARD = "gnu++0x";
				CLANG_CXX_LIBRARY = "libc++";
				CLANG_ENABLE_MODULES = YES;
				CLANG_ENABLE_OBJC_ARC = YES;
				CLANG_WARN_BOOL_CONVERSION = YES;
				CLANG_WARN_CONSTANT_CONVERSION = YES;
				CLANG_WARN_DIRECT_OBJC_ISA_USAGE = YES_ERROR;
				CLANG_WARN_EMPTY_BODY = YES;
				CLANG_WARN_ENUM_CONVERSION = YES;
				CLANG_WARN_INT_CONVERSION = YES;
				CLANG_WARN_OBJC_ROOT_CLASS = YES_ERROR;
				CLANG_WARN_UNREACHABLE_CODE = YES;
				CLANG_WARN__DUPLICATE_METHOD_MATCH = YES;
				"CODE_SIGN_IDENTITY[sdk=iphoneos*]" = "iPhone Developer";
				COPY_PHASE_STRIP = NO;
				DEBUG_INFORMATION_FORMAT = "dwarf-with-dsym";
				ENABLE_NS_ASSERTIONS = NO;
				ENABLE_STRICT_OBJC_MSGSEND = YES;
				GCC_C_LANGUAGE_STANDARD = gnu99;
				GCC_NO_COMMON_BLOCKS = YES;
				GCC_WARN_64_TO_32_BIT_CONVERSION = YES;
				GCC_WARN_ABOUT_RETURN_TYPE = YES_ERROR;
				GCC_WARN_UNDECLARED_SELECTOR = YES;
				GCC_WARN_UNINITIALIZED_AUTOS = YES_AGGRESSIVE;
				GCC_WARN_UNUSED_FUNCTION = YES;
				GCC_WARN_UNUSED_VARIABLE = YES;
				IPHONEOS_DEPLOYMENT_TARGET = 9.3;
				MTL_ENABLE_DEBUG_INFO = NO;
				SDKROOT = iphoneos;
				TARGETED_DEVICE_FAMILY = "1,2";
				VALIDATE_PRODUCT = YES;
			};
			name = Release;
		};
		11C819201D478DEA00639222 /* Debug */ = {
			isa = XCBuildConfiguration;
			buildSettings = {
				ASSETCATALOG_COMPILER_APPICON_NAME = AppIcon;
				INFOPLIST_FILE = AudioPractice/Info.plist;
				LD_RUNPATH_SEARCH_PATHS = "$(inherited) @executable_path/Frameworks";
				PRODUCT_BUNDLE_IDENTIFIER = com.electricchance.AudioPractice;
				PRODUCT_NAME = "$(TARGET_NAME)";
			};
			name = Debug;
		};
		11C819211D478DEA00639222 /* Release */ = {
			isa = XCBuildConfiguration;
			buildSettings = {
				ASSETCATALOG_COMPILER_APPICON_NAME = AppIcon;
				INFOPLIST_FILE = AudioPractice/Info.plist;
				LD_RUNPATH_SEARCH_PATHS = "$(inherited) @executable_path/Frameworks";
				PRODUCT_BUNDLE_IDENTIFIER = com.electricchance.AudioPractice;
				PRODUCT_NAME = "$(TARGET_NAME)";
			};
			name = Release;
		};
		11C819231D478DEA00639222 /* Debug */ = {
			isa = XCBuildConfiguration;
			buildSettings = {
				BUNDLE_LOADER = "$(TEST_HOST)";
				INFOPLIST_FILE = AudioPracticeTests/Info.plist;
				LD_RUNPATH_SEARCH_PATHS = "$(inherited) @executable_path/Frameworks @loader_path/Frameworks";
				PRODUCT_BUNDLE_IDENTIFIER = com.electricchance.AudioPracticeTests;
				PRODUCT_NAME = "$(TARGET_NAME)";
				TEST_HOST = "$(BUILT_PRODUCTS_DIR)/AudioPractice.app/AudioPractice";
			};
			name = Debug;
		};
		11C819241D478DEA00639222 /* Release */ = {
			isa = XCBuildConfiguration;
			buildSettings = {
				BUNDLE_LOADER = "$(TEST_HOST)";
				INFOPLIST_FILE = AudioPracticeTests/Info.plist;
				LD_RUNPATH_SEARCH_PATHS = "$(inherited) @executable_path/Frameworks @loader_path/Frameworks";
				PRODUCT_BUNDLE_IDENTIFIER = com.electricchance.AudioPracticeTests;
				PRODUCT_NAME = "$(TARGET_NAME)";
				TEST_HOST = "$(BUILT_PRODUCTS_DIR)/AudioPractice.app/AudioPractice";
			};
			name = Release;
		};
		11C819261D478DEA00639222 /* Debug */ = {
			isa = XCBuildConfiguration;
			buildSettings = {
				INFOPLIST_FILE = AudioPracticeUITests/Info.plist;
				LD_RUNPATH_SEARCH_PATHS = "$(inherited) @executable_path/Frameworks @loader_path/Frameworks";
				PRODUCT_BUNDLE_IDENTIFIER = com.electricchance.AudioPracticeUITests;
				PRODUCT_NAME = "$(TARGET_NAME)";
				TEST_TARGET_NAME = AudioPractice;
			};
			name = Debug;
		};
		11C819271D478DEA00639222 /* Release */ = {
			isa = XCBuildConfiguration;
			buildSettings = {
				INFOPLIST_FILE = AudioPracticeUITests/Info.plist;
				LD_RUNPATH_SEARCH_PATHS = "$(inherited) @executable_path/Frameworks @loader_path/Frameworks";
				PRODUCT_BUNDLE_IDENTIFIER = com.electricchance.AudioPracticeUITests;
				PRODUCT_NAME = "$(TARGET_NAME)";
				TEST_TARGET_NAME = AudioPractice;
			};
			name = Release;
		};
/* End XCBuildConfiguration section */

/* Begin XCConfigurationList section */
		11C818F21D478DE900639222 /* Build configuration list for PBXProject "AudioPractice" */ = {
			isa = XCConfigurationList;
			buildConfigurations = (
				11C8191D1D478DEA00639222 /* Debug */,
				11C8191E1D478DEA00639222 /* Release */,
			);
			defaultConfigurationIsVisible = 0;
			defaultConfigurationName = Release;
		};
		11C8191F1D478DEA00639222 /* Build configuration list for PBXNativeTarget "AudioPractice" */ = {
			isa = XCConfigurationList;
			buildConfigurations = (
				11C819201D478DEA00639222 /* Debug */,
				11C819211D478DEA00639222 /* Release */,
			);
			defaultConfigurationIsVisible = 0;
		};
		11C819221D478DEA00639222 /* Build configuration list for PBXNativeTarget "AudioPracticeTests" */ = {
			isa = XCConfigurationList;
			buildConfigurations = (
				11C819231D478DEA00639222 /* Debug */,
				11C819241D478DEA00639222 /* Release */,
			);
			defaultConfigurationIsVisible = 0;
		};
		11C819251D478DEA00639222 /* Build configuration list for PBXNativeTarget "AudioPracticeUITests" */ = {
			isa = XCConfigurationList;
			buildConfigurations = (
				11C819261D478DEA00639222 /* Debug */,
				11C819271D478DEA00639222 /* Release */,
			);
			defaultConfigurationIsVisible = 0;
		};
/* End XCConfigurationList section */
	};
	rootObject = 11C818EF1D478DE900639222 /* Project object */;
}
